// !$*UTF8*$!
{
	archiveVersion = 1;
	classes = {
	};
	objectVersion = 55;
	objects = {

/* Begin PBXBuildFile section */
		CEA7D6B828F41ECB00F81040 /* _221010__swift_day_84App.swift in Sources */ = {isa = PBXBuildFile; fileRef = CEA7D6B728F41ECB00F81040 /* _221010__swift_day_84App.swift */; };
		CEA7D6BA28F41ECB00F81040 /* ContentView.swift in Sources */ = {isa = PBXBuildFile; fileRef = CEA7D6B928F41ECB00F81040 /* ContentView.swift */; };
		CEA7D6BC28F41ECB00F81040 /* Assets.xcassets in Resources */ = {isa = PBXBuildFile; fileRef = CEA7D6BB28F41ECB00F81040 /* Assets.xcassets */; };
		CEA7D6BF28F41ECB00F81040 /* Preview Assets.xcassets in Resources */ = {isa = PBXBuildFile; fileRef = CEA7D6BE28F41ECB00F81040 /* Preview Assets.xcassets */; };
		CEA7D6C628F4219700F81040 /* ProspectsView.swift in Sources */ = {isa = PBXBuildFile; fileRef = CEA7D6C528F4219700F81040 /* ProspectsView.swift */; };
		CEA7D6C828F421D200F81040 /* Prospect.swift in Sources */ = {isa = PBXBuildFile; fileRef = CEA7D6C728F421D200F81040 /* Prospect.swift */; };
		CEA7D6CA28F421E800F81040 /* MeView.swift in Sources */ = {isa = PBXBuildFile; fileRef = CEA7D6C928F421E800F81040 /* MeView.swift */; };
		CEA7D6CD28F4221500F81040 /* CodeScanner in Frameworks */ = {isa = PBXBuildFile; productRef = CEA7D6CC28F4221500F81040 /* CodeScanner */; };
		CEA7D6CF28F43D8200F81040 /* ImageSaver.swift in Sources */ = {isa = PBXBuildFile; fileRef = CEA7D6CE28F43D8200F81040 /* ImageSaver.swift */; };
/* End PBXBuildFile section */

/* Begin PBXFileReference section */
		CEA7D6B428F41ECB00F81040 /* [221010] swift_day_84.app */ = {isa = PBXFileReference; explicitFileType = wrapper.application; includeInIndex = 0; path = "[221010] swift_day_84.app"; sourceTree = BUILT_PRODUCTS_DIR; };
		CEA7D6B728F41ECB00F81040 /* _221010__swift_day_84App.swift */ = {isa = PBXFileReference; lastKnownFileType = sourcecode.swift; path = _221010__swift_day_84App.swift; sourceTree = "<group>"; };
		CEA7D6B928F41ECB00F81040 /* ContentView.swift */ = {isa = PBXFileReference; lastKnownFileType = sourcecode.swift; path = ContentView.swift; sourceTree = "<group>"; };
		CEA7D6BB28F41ECB00F81040 /* Assets.xcassets */ = {isa = PBXFileReference; lastKnownFileType = folder.assetcatalog; path = Assets.xcassets; sourceTree = "<group>"; };
		CEA7D6BE28F41ECB00F81040 /* Preview Assets.xcassets */ = {isa = PBXFileReference; lastKnownFileType = folder.assetcatalog; path = "Preview Assets.xcassets"; sourceTree = "<group>"; };
		CEA7D6C528F4219700F81040 /* ProspectsView.swift */ = {isa = PBXFileReference; lastKnownFileType = sourcecode.swift; path = ProspectsView.swift; sourceTree = "<group>"; };
		CEA7D6C728F421D200F81040 /* Prospect.swift */ = {isa = PBXFileReference; lastKnownFileType = sourcecode.swift; path = Prospect.swift; sourceTree = "<group>"; };
		CEA7D6C928F421E800F81040 /* MeView.swift */ = {isa = PBXFileReference; lastKnownFileType = sourcecode.swift; path = MeView.swift; sourceTree = "<group>"; };
		CEA7D6CE28F43D8200F81040 /* ImageSaver.swift */ = {isa = PBXFileReference; lastKnownFileType = sourcecode.swift; path = ImageSaver.swift; sourceTree = "<group>"; };
		CEA7D6D028F4434200F81040 /* -221010--swift-day-84-Info.plist */ = {isa = PBXFileReference; lastKnownFileType = text.plist; path = "-221010--swift-day-84-Info.plist"; sourceTree = SOURCE_ROOT; };
/* End PBXFileReference section */

/* Begin PBXFrameworksBuildPhase section */
		CEA7D6B128F41ECB00F81040 /* Frameworks */ = {
			isa = PBXFrameworksBuildPhase;
			buildActionMask = 2147483647;
			files = (
				CEA7D6CD28F4221500F81040 /* CodeScanner in Frameworks */,
			);
			runOnlyForDeploymentPostprocessing = 0;
		};
/* End PBXFrameworksBuildPhase section */

/* Begin PBXGroup section */
		CEA7D6AB28F41ECB00F81040 = {
			isa = PBXGroup;
			children = (
				CEA7D6B628F41ECB00F81040 /* [221010] swift_day_84 */,
				CEA7D6B528F41ECB00F81040 /* Products */,
			);
			sourceTree = "<group>";
		};
		CEA7D6B528F41ECB00F81040 /* Products */ = {
			isa = PBXGroup;
			children = (
				CEA7D6B428F41ECB00F81040 /* [221010] swift_day_84.app */,
			);
			name = Products;
			sourceTree = "<group>";
		};
		CEA7D6B628F41ECB00F81040 /* [221010] swift_day_84 */ = {
			isa = PBXGroup;
			children = (
				CEA7D6D028F4434200F81040 /* -221010--swift-day-84-Info.plist */,
				CEA7D6B728F41ECB00F81040 /* _221010__swift_day_84App.swift */,
				CEA7D6B928F41ECB00F81040 /* ContentView.swift */,
				CEA7D6C528F4219700F81040 /* ProspectsView.swift */,
				CEA7D6C728F421D200F81040 /* Prospect.swift */,
				CEA7D6C928F421E800F81040 /* MeView.swift */,
				CEA7D6CE28F43D8200F81040 /* ImageSaver.swift */,
				CEA7D6BB28F41ECB00F81040 /* Assets.xcassets */,
				CEA7D6BD28F41ECB00F81040 /* Preview Content */,
			);
			path = "[221010] swift_day_84";
			sourceTree = "<group>";
		};
		CEA7D6BD28F41ECB00F81040 /* Preview Content */ = {
			isa = PBXGroup;
			children = (
				CEA7D6BE28F41ECB00F81040 /* Preview Assets.xcassets */,
			);
			path = "Preview Content";
			sourceTree = "<group>";
		};
/* End PBXGroup section */

/* Begin PBXNativeTarget section */
		CEA7D6B328F41ECB00F81040 /* [221010] swift_day_84 */ = {
			isa = PBXNativeTarget;
			buildConfigurationList = CEA7D6C228F41ECB00F81040 /* Build configuration list for PBXNativeTarget "[221010] swift_day_84" */;
			buildPhases = (
				CEA7D6B028F41ECB00F81040 /* Sources */,
				CEA7D6B128F41ECB00F81040 /* Frameworks */,
				CEA7D6B228F41ECB00F81040 /* Resources */,
			);
			buildRules = (
			);
			dependencies = (
			);
			name = "[221010] swift_day_84";
			packageProductDependencies = (
				CEA7D6CC28F4221500F81040 /* CodeScanner */,
			);
			productName = "[221010] swift_day_84";
			productReference = CEA7D6B428F41ECB00F81040 /* [221010] swift_day_84.app */;
			productType = "com.apple.product-type.application";
		};
/* End PBXNativeTarget section */

/* Begin PBXProject section */
		CEA7D6AC28F41ECB00F81040 /* Project object */ = {
			isa = PBXProject;
			attributes = {
				BuildIndependentTargetsInParallel = 1;
				LastSwiftUpdateCheck = 1340;
				LastUpgradeCheck = 1340;
				TargetAttributes = {
					CEA7D6B328F41ECB00F81040 = {
						CreatedOnToolsVersion = 13.4;
					};
				};
			};
			buildConfigurationList = CEA7D6AF28F41ECB00F81040 /* Build configuration list for PBXProject "[221010] swift_day_84" */;
			compatibilityVersion = "Xcode 13.0";
			developmentRegion = en;
			hasScannedForEncodings = 0;
			knownRegions = (
				en,
				Base,
			);
			mainGroup = CEA7D6AB28F41ECB00F81040;
			packageReferences = (
				CEA7D6CB28F4221500F81040 /* XCRemoteSwiftPackageReference "CodeScanner" */,
			);
			productRefGroup = CEA7D6B528F41ECB00F81040 /* Products */;
			projectDirPath = "";
			projectRoot = "";
			targets = (
				CEA7D6B328F41ECB00F81040 /* [221010] swift_day_84 */,
			);
		};
/* End PBXProject section */

/* Begin PBXResourcesBuildPhase section */
		CEA7D6B228F41ECB00F81040 /* Resources */ = {
			isa = PBXResourcesBuildPhase;
			buildActionMask = 2147483647;
			files = (
				CEA7D6BF28F41ECB00F81040 /* Preview Assets.xcassets in Resources */,
				CEA7D6BC28F41ECB00F81040 /* Assets.xcassets in Resources */,
			);
			runOnlyForDeploymentPostprocessing = 0;
		};
/* End PBXResourcesBuildPhase section */

/* Begin PBXSourcesBuildPhase section */
		CEA7D6B028F41ECB00F81040 /* Sources */ = {
			isa = PBXSourcesBuildPhase;
			buildActionMask = 2147483647;
			files = (
				CEA7D6C628F4219700F81040 /* ProspectsView.swift in Sources */,
				CEA7D6CF28F43D8200F81040 /* ImageSaver.swift in Sources */,
				CEA7D6C828F421D200F81040 /* Prospect.swift in Sources */,
				CEA7D6BA28F41ECB00F81040 /* ContentView.swift in Sources */,
				CEA7D6B828F41ECB00F81040 /* _221010__swift_day_84App.swift in Sources */,
				CEA7D6CA28F421E800F81040 /* MeView.swift in Sources */,
			);
			runOnlyForDeploymentPostprocessing = 0;
		};
/* End PBXSourcesBuildPhase section */

/* Begin XCBuildConfiguration section */
		CEA7D6C028F41ECB00F81040 /* Debug */ = {
			isa = XCBuildConfiguration;
			buildSettings = {
				ALWAYS_SEARCH_USER_PATHS = NO;
				CLANG_ANALYZER_NONNULL = YES;
				CLANG_ANALYZER_NUMBER_OBJECT_CONVERSION = YES_AGGRESSIVE;
				CLANG_CXX_LANGUAGE_STANDARD = "gnu++17";
				CLANG_ENABLE_MODULES = YES;
				CLANG_ENABLE_OBJC_ARC = YES;
				CLANG_ENABLE_OBJC_WEAK = YES;
				CLANG_WARN_BLOCK_CAPTURE_AUTORELEASING = YES;
				CLANG_WARN_BOOL_CONVERSION = YES;
				CLANG_WARN_COMMA = YES;
				CLANG_WARN_CONSTANT_CONVERSION = YES;
				CLANG_WARN_DEPRECATED_OBJC_IMPLEMENTATIONS = YES;
				CLANG_WARN_DIRECT_OBJC_ISA_USAGE = YES_ERROR;
				CLANG_WARN_DOCUMENTATION_COMMENTS = YES;
				CLANG_WARN_EMPTY_BODY = YES;
				CLANG_WARN_ENUM_CONVERSION = YES;
				CLANG_WARN_INFINITE_RECURSION = YES;
				CLANG_WARN_INT_CONVERSION = YES;
				CLANG_WARN_NON_LITERAL_NULL_CONVERSION = YES;
				CLANG_WARN_OBJC_IMPLICIT_RETAIN_SELF = YES;
				CLANG_WARN_OBJC_LITERAL_CONVERSION = YES;
				CLANG_WARN_OBJC_ROOT_CLASS = YES_ERROR;
				CLANG_WARN_QUOTED_INCLUDE_IN_FRAMEWORK_HEADER = YES;
				CLANG_WARN_RANGE_LOOP_ANALYSIS = YES;
				CLANG_WARN_STRICT_PROTOTYPES = YES;
				CLANG_WARN_SUSPICIOUS_MOVE = YES;
				CLANG_WARN_UNGUARDED_AVAILABILITY = YES_AGGRESSIVE;
				CLANG_WARN_UNREACHABLE_CODE = YES;
				CLANG_WARN__DUPLICATE_METHOD_MATCH = YES;
				COPY_PHASE_STRIP = NO;
				DEBUG_INFORMATION_FORMAT = dwarf;
				ENABLE_STRICT_OBJC_MSGSEND = YES;
				ENABLE_TESTABILITY = YES;
				GCC_C_LANGUAGE_STANDARD = gnu11;
				GCC_DYNAMIC_NO_PIC = NO;
				GCC_NO_COMMON_BLOCKS = YES;
				GCC_OPTIMIZATION_LEVEL = 0;
				GCC_PREPROCESSOR_DEFINITIONS = (
					"DEBUG=1",
					"$(inherited)",
				);
				GCC_WARN_64_TO_32_BIT_CONVERSION = YES;
				GCC_WARN_ABOUT_RETURN_TYPE = YES_ERROR;
				GCC_WARN_UNDECLARED_SELECTOR = YES;
				GCC_WARN_UNINITIALIZED_AUTOS = YES_AGGRESSIVE;
				GCC_WARN_UNUSED_FUNCTION = YES;
				GCC_WARN_UNUSED_VARIABLE = YES;
				IPHONEOS_DEPLOYMENT_TARGET = 15.5;
				MTL_ENABLE_DEBUG_INFO = INCLUDE_SOURCE;
				MTL_FAST_MATH = YES;
				ONLY_ACTIVE_ARCH = YES;
				SDKROOT = iphoneos;
				SWIFT_ACTIVE_COMPILATION_CONDITIONS = DEBUG;
				SWIFT_OPTIMIZATION_LEVEL = "-Onone";
			};
			name = Debug;
		};
		CEA7D6C128F41ECB00F81040 /* Release */ = {
			isa = XCBuildConfiguration;
			buildSettings = {
				ALWAYS_SEARCH_USER_PATHS = NO;
				CLANG_ANALYZER_NONNULL = YES;
				CLANG_ANALYZER_NUMBER_OBJECT_CONVERSION = YES_AGGRESSIVE;
				CLANG_CXX_LANGUAGE_STANDARD = "gnu++17";
				CLANG_ENABLE_MODULES = YES;
				CLANG_ENABLE_OBJC_ARC = YES;
				CLANG_ENABLE_OBJC_WEAK = YES;
				CLANG_WARN_BLOCK_CAPTURE_AUTORELEASING = YES;
				CLANG_WARN_BOOL_CONVERSION = YES;
				CLANG_WARN_COMMA = YES;
				CLANG_WARN_CONSTANT_CONVERSION = YES;
				CLANG_WARN_DEPRECATED_OBJC_IMPLEMENTATIONS = YES;
				CLANG_WARN_DIRECT_OBJC_ISA_USAGE = YES_ERROR;
				CLANG_WARN_DOCUMENTATION_COMMENTS = YES;
				CLANG_WARN_EMPTY_BODY = YES;
				CLANG_WARN_ENUM_CONVERSION = YES;
				CLANG_WARN_INFINITE_RECURSION = YES;
				CLANG_WARN_INT_CONVERSION = YES;
				CLANG_WARN_NON_LITERAL_NULL_CONVERSION = YES;
				CLANG_WARN_OBJC_IMPLICIT_RETAIN_SELF = YES;
				CLANG_WARN_OBJC_LITERAL_CONVERSION = YES;
				CLANG_WARN_OBJC_ROOT_CLASS = YES_ERROR;
				CLANG_WARN_QUOTED_INCLUDE_IN_FRAMEWORK_HEADER = YES;
				CLANG_WARN_RANGE_LOOP_ANALYSIS = YES;
				CLANG_WARN_STRICT_PROTOTYPES = YES;
				CLANG_WARN_SUSPICIOUS_MOVE = YES;
				CLANG_WARN_UNGUARDED_AVAILABILITY = YES_AGGRESSIVE;
				CLANG_WARN_UNREACHABLE_CODE = YES;
				CLANG_WARN__DUPLICATE_METHOD_MATCH = YES;
				COPY_PHASE_STRIP = NO;
				DEBUG_INFORMATION_FORMAT = "dwarf-with-dsym";
				ENABLE_NS_ASSERTIONS = NO;
				ENABLE_STRICT_OBJC_MSGSEND = YES;
				GCC_C_LANGUAGE_STANDARD = gnu11;
				GCC_NO_COMMON_BLOCKS = YES;
				GCC_WARN_64_TO_32_BIT_CONVERSION = YES;
				GCC_WARN_ABOUT_RETURN_TYPE = YES_ERROR;
				GCC_WARN_UNDECLARED_SELECTOR = YES;
				GCC_WARN_UNINITIALIZED_AUTOS = YES_AGGRESSIVE;
				GCC_WARN_UNUSED_FUNCTION = YES;
				GCC_WARN_UNUSED_VARIABLE = YES;
				IPHONEOS_DEPLOYMENT_TARGET = 15.5;
				MTL_ENABLE_DEBUG_INFO = NO;
				MTL_FAST_MATH = YES;
				SDKROOT = iphoneos;
				SWIFT_COMPILATION_MODE = wholemodule;
				SWIFT_OPTIMIZATION_LEVEL = "-O";
				VALIDATE_PRODUCT = YES;
			};
			name = Release;
		};
		CEA7D6C328F41ECB00F81040 /* Debug */ = {
			isa = XCBuildConfiguration;
			buildSettings = {
				ASSETCATALOG_COMPILER_APPICON_NAME = AppIcon;
				ASSETCATALOG_COMPILER_GLOBAL_ACCENT_COLOR_NAME = AccentColor;
				CODE_SIGN_STYLE = Automatic;
				CURRENT_PROJECT_VERSION = 1;
				DEVELOPMENT_ASSET_PATHS = "\"[221010] swift_day_84/Preview Content\"";
				DEVELOPMENT_TEAM = CZH2CMCGCZ;
				ENABLE_PREVIEWS = YES;
				GENERATE_INFOPLIST_FILE = YES;
				INFOPLIST_FILE = "-221010--swift-day-84-Info.plist";
				INFOPLIST_KEY_NSCameraUsageDescription = "Need to scan QR code";
				INFOPLIST_KEY_NSPhotoLibraryAddUsageDescription = "Need to save QR code";
				INFOPLIST_KEY_UIApplicationSceneManifest_Generation = YES;
				INFOPLIST_KEY_UIApplicationSupportsIndirectInputEvents = YES;
				INFOPLIST_KEY_UILaunchScreen_Generation = YES;
				INFOPLIST_KEY_UISupportedInterfaceOrientations_iPad = "UIInterfaceOrientationPortrait UIInterfaceOrientationPortraitUpsideDown UIInterfaceOrientationLandscapeLeft UIInterfaceOrientationLandscapeRight";
				INFOPLIST_KEY_UISupportedInterfaceOrientations_iPhone = "UIInterfaceOrientationPortrait UIInterfaceOrientationLandscapeLeft UIInterfaceOrientationLandscapeRight";
				LD_RUNPATH_SEARCH_PATHS = (
					"$(inherited)",
					"@executable_path/Frameworks",
				);
				MARKETING_VERSION = 1.0;
				PRODUCT_BUNDLE_IDENTIFIER = "Meister.-221010--swift-day-84";
				PRODUCT_NAME = "$(TARGET_NAME)";
				SWIFT_EMIT_LOC_STRINGS = YES;
				SWIFT_VERSION = 5.0;
				TARGETED_DEVICE_FAMILY = "1,2";
			};
			name = Debug;
		};
		CEA7D6C428F41ECB00F81040 /* Release */ = {
			isa = XCBuildConfiguration;
			buildSettings = {
				ASSETCATALOG_COMPILER_APPICON_NAME = AppIcon;
				ASSETCATALOG_COMPILER_GLOBAL_ACCENT_COLOR_NAME = AccentColor;
				CODE_SIGN_STYLE = Automatic;
				CURRENT_PROJECT_VERSION = 1;
				DEVELOPMENT_ASSET_PATHS = "\"[221010] swift_day_84/Preview Content\"";
				DEVELOPMENT_TEAM = CZH2CMCGCZ;
				ENABLE_PREVIEWS = YES;
				GENERATE_INFOPLIST_FILE = YES;
				INFOPLIST_FILE = "-221010--swift-day-84-Info.plist";
				INFOPLIST_KEY_NSCameraUsageDescription = "Need to scan QR code";
				INFOPLIST_KEY_NSPhotoLibraryAddUsageDescription = "Need to save QR code";
				INFOPLIST_KEY_UIApplicationSceneManifest_Generation = YES;
				INFOPLIST_KEY_UIApplicationSupportsIndirectInputEvents = YES;
				INFOPLIST_KEY_UILaunchScreen_Generation = YES;
				INFOPLIST_KEY_UISupportedInterfaceOrientations_iPad = "UIInterfaceOrientationPortrait UIInterfaceOrientationPortraitUpsideDown UIInterfaceOrientationLandscapeLeft UIInterfaceOrientationLandscapeRight";
				INFOPLIST_KEY_UISupportedInterfaceOrientations_iPhone = "UIInterfaceOrientationPortrait UIInterfaceOrientationLandscapeLeft UIInterfaceOrientationLandscapeRight";
				LD_RUNPATH_SEARCH_PATHS = (
					"$(inherited)",
					"@executable_path/Frameworks",
				);
				MARKETING_VERSION = 1.0;
				PRODUCT_BUNDLE_IDENTIFIER = "Meister.-221010--swift-day-84";
				PRODUCT_NAME = "$(TARGET_NAME)";
				SWIFT_EMIT_LOC_STRINGS = YES;
				SWIFT_VERSION = 5.0;
				TARGETED_DEVICE_FAMILY = "1,2";
			};
			name = Release;
		};
/* End XCBuildConfiguration section */

/* Begin XCConfigurationList section */
		CEA7D6AF28F41ECB00F81040 /* Build configuration list for PBXProject "[221010] swift_day_84" */ = {
			isa = XCConfigurationList;
			buildConfigurations = (
				CEA7D6C028F41ECB00F81040 /* Debug */,
				CEA7D6C128F41ECB00F81040 /* Release */,
			);
			defaultConfigurationIsVisible = 0;
			defaultConfigurationName = Release;
		};
		CEA7D6C228F41ECB00F81040 /* Build configuration list for PBXNativeTarget "[221010] swift_day_84" */ = {
			isa = XCConfigurationList;
			buildConfigurations = (
				CEA7D6C328F41ECB00F81040 /* Debug */,
				CEA7D6C428F41ECB00F81040 /* Release */,
			);
			defaultConfigurationIsVisible = 0;
			defaultConfigurationName = Release;
		};
/* End XCConfigurationList section */

/* Begin XCRemoteSwiftPackageReference section */
		CEA7D6CB28F4221500F81040 /* XCRemoteSwiftPackageReference "CodeScanner" */ = {
			isa = XCRemoteSwiftPackageReference;
			repositoryURL = "https://github.com/twostraws/CodeScanner";
			requirement = {
				branch = main;
				kind = branch;
			};
		};
/* End XCRemoteSwiftPackageReference section */

/* Begin XCSwiftPackageProductDependency section */
		CEA7D6CC28F4221500F81040 /* CodeScanner */ = {
			isa = XCSwiftPackageProductDependency;
			package = CEA7D6CB28F4221500F81040 /* XCRemoteSwiftPackageReference "CodeScanner" */;
			productName = CodeScanner;
		};
/* End XCSwiftPackageProductDependency section */
	};
	rootObject = CEA7D6AC28F41ECB00F81040 /* Project object */;
}
