// !$*UTF8*$!
{
	archiveVersion = 1;
	classes = {
	};
	objectVersion = 55;
	objects = {

/* Begin PBXBuildFile section */
		CEF6820C28CCBFDB00E0EC51 /* _220910__swift_day_66App.swift in Sources */ = {isa = PBXBuildFile; fileRef = CEF6820B28CCBFDB00E0EC51 /* _220910__swift_day_66App.swift */; };
		CEF6820E28CCBFDB00E0EC51 /* ContentView.swift in Sources */ = {isa = PBXBuildFile; fileRef = CEF6820D28CCBFDB00E0EC51 /* ContentView.swift */; };
		CEF6821028CCBFDB00E0EC51 /* Assets.xcassets in Resources */ = {isa = PBXBuildFile; fileRef = CEF6820F28CCBFDB00E0EC51 /* Assets.xcassets */; };
		CEF6821328CCBFDB00E0EC51 /* Preview Assets.xcassets in Resources */ = {isa = PBXBuildFile; fileRef = CEF6821228CCBFDB00E0EC51 /* Preview Assets.xcassets */; };
		CEF6821B28CCC2A100E0EC51 /* ImageServer.swift in Sources */ = {isa = PBXBuildFile; fileRef = CEF6821928CCC2A100E0EC51 /* ImageServer.swift */; };
		CEF6821C28CCC2A100E0EC51 /* ImagePicker.swift in Sources */ = {isa = PBXBuildFile; fileRef = CEF6821A28CCC2A100E0EC51 /* ImagePicker.swift */; };
/* End PBXBuildFile section */

/* Begin PBXFileReference section */
		CEF6820828CCBFDB00E0EC51 /* [220910] swift_day_66.app */ = {isa = PBXFileReference; explicitFileType = wrapper.application; includeInIndex = 0; path = "[220910] swift_day_66.app"; sourceTree = BUILT_PRODUCTS_DIR; };
		CEF6820B28CCBFDB00E0EC51 /* _220910__swift_day_66App.swift */ = {isa = PBXFileReference; lastKnownFileType = sourcecode.swift; path = _220910__swift_day_66App.swift; sourceTree = "<group>"; };
		CEF6820D28CCBFDB00E0EC51 /* ContentView.swift */ = {isa = PBXFileReference; lastKnownFileType = sourcecode.swift; path = ContentView.swift; sourceTree = "<group>"; };
		CEF6820F28CCBFDB00E0EC51 /* Assets.xcassets */ = {isa = PBXFileReference; lastKnownFileType = folder.assetcatalog; path = Assets.xcassets; sourceTree = "<group>"; };
		CEF6821228CCBFDB00E0EC51 /* Preview Assets.xcassets */ = {isa = PBXFileReference; lastKnownFileType = folder.assetcatalog; path = "Preview Assets.xcassets"; sourceTree = "<group>"; };
		CEF6821928CCC2A100E0EC51 /* ImageServer.swift */ = {isa = PBXFileReference; fileEncoding = 4; lastKnownFileType = sourcecode.swift; path = ImageServer.swift; sourceTree = "<group>"; };
		CEF6821A28CCC2A100E0EC51 /* ImagePicker.swift */ = {isa = PBXFileReference; fileEncoding = 4; lastKnownFileType = sourcecode.swift; path = ImagePicker.swift; sourceTree = "<group>"; };
/* End PBXFileReference section */

/* Begin PBXFrameworksBuildPhase section */
		CEF6820528CCBFDB00E0EC51 /* Frameworks */ = {
			isa = PBXFrameworksBuildPhase;
			buildActionMask = 2147483647;
			files = (
			);
			runOnlyForDeploymentPostprocessing = 0;
		};
/* End PBXFrameworksBuildPhase section */

/* Begin PBXGroup section */
		CEF681FF28CCBFDA00E0EC51 = {
			isa = PBXGroup;
			children = (
				CEF6820A28CCBFDB00E0EC51 /* [220910] swift_day_66 */,
				CEF6820928CCBFDB00E0EC51 /* Products */,
			);
			sourceTree = "<group>";
		};
		CEF6820928CCBFDB00E0EC51 /* Products */ = {
			isa = PBXGroup;
			children = (
				CEF6820828CCBFDB00E0EC51 /* [220910] swift_day_66.app */,
			);
			name = Products;
			sourceTree = "<group>";
		};
		CEF6820A28CCBFDB00E0EC51 /* [220910] swift_day_66 */ = {
			isa = PBXGroup;
			children = (
				CEF6820B28CCBFDB00E0EC51 /* _220910__swift_day_66App.swift */,
				CEF6820D28CCBFDB00E0EC51 /* ContentView.swift */,
				CEF6820F28CCBFDB00E0EC51 /* Assets.xcassets */,
				CEF6821A28CCC2A100E0EC51 /* ImagePicker.swift */,
				CEF6821928CCC2A100E0EC51 /* ImageServer.swift */,
				CEF6821128CCBFDB00E0EC51 /* Preview Content */,
			);
			path = "[220910] swift_day_66";
			sourceTree = "<group>";
		};
		CEF6821128CCBFDB00E0EC51 /* Preview Content */ = {
			isa = PBXGroup;
			children = (
				CEF6821228CCBFDB00E0EC51 /* Preview Assets.xcassets */,
			);
			path = "Preview Content";
			sourceTree = "<group>";
		};
/* End PBXGroup section */

/* Begin PBXNativeTarget section */
		CEF6820728CCBFDB00E0EC51 /* [220910] swift_day_66 */ = {
			isa = PBXNativeTarget;
			buildConfigurationList = CEF6821628CCBFDB00E0EC51 /* Build configuration list for PBXNativeTarget "[220910] swift_day_66" */;
			buildPhases = (
				CEF6820428CCBFDB00E0EC51 /* Sources */,
				CEF6820528CCBFDB00E0EC51 /* Frameworks */,
				CEF6820628CCBFDB00E0EC51 /* Resources */,
			);
			buildRules = (
			);
			dependencies = (
			);
			name = "[220910] swift_day_66";
			productName = "[220910] swift_day_66";
			productReference = CEF6820828CCBFDB00E0EC51 /* [220910] swift_day_66.app */;
			productType = "com.apple.product-type.application";
		};
/* End PBXNativeTarget section */

/* Begin PBXProject section */
		CEF6820028CCBFDA00E0EC51 /* Project object */ = {
			isa = PBXProject;
			attributes = {
				BuildIndependentTargetsInParallel = 1;
				LastSwiftUpdateCheck = 1340;
				LastUpgradeCheck = 1340;
				TargetAttributes = {
					CEF6820728CCBFDB00E0EC51 = {
						CreatedOnToolsVersion = 13.4;
					};
				};
			};
			buildConfigurationList = CEF6820328CCBFDA00E0EC51 /* Build configuration list for PBXProject "[220910] swift_day_66" */;
			compatibilityVersion = "Xcode 13.0";
			developmentRegion = en;
			hasScannedForEncodings = 0;
			knownRegions = (
				en,
				Base,
			);
			mainGroup = CEF681FF28CCBFDA00E0EC51;
			productRefGroup = CEF6820928CCBFDB00E0EC51 /* Products */;
			projectDirPath = "";
			projectRoot = "";
			targets = (
				CEF6820728CCBFDB00E0EC51 /* [220910] swift_day_66 */,
			);
		};
/* End PBXProject section */

/* Begin PBXResourcesBuildPhase section */
		CEF6820628CCBFDB00E0EC51 /* Resources */ = {
			isa = PBXResourcesBuildPhase;
			buildActionMask = 2147483647;
			files = (
				CEF6821328CCBFDB00E0EC51 /* Preview Assets.xcassets in Resources */,
				CEF6821028CCBFDB00E0EC51 /* Assets.xcassets in Resources */,
			);
			runOnlyForDeploymentPostprocessing = 0;
		};
/* End PBXResourcesBuildPhase section */

/* Begin PBXSourcesBuildPhase section */
		CEF6820428CCBFDB00E0EC51 /* Sources */ = {
			isa = PBXSourcesBuildPhase;
			buildActionMask = 2147483647;
			files = (
				CEF6820E28CCBFDB00E0EC51 /* ContentView.swift in Sources */,
				CEF6821C28CCC2A100E0EC51 /* ImagePicker.swift in Sources */,
				CEF6820C28CCBFDB00E0EC51 /* _220910__swift_day_66App.swift in Sources */,
				CEF6821B28CCC2A100E0EC51 /* ImageServer.swift in Sources */,
			);
			runOnlyForDeploymentPostprocessing = 0;
		};
/* End PBXSourcesBuildPhase section */

/* Begin XCBuildConfiguration section */
		CEF6821428CCBFDB00E0EC51 /* Debug */ = {
			isa = XCBuildConfiguration;
			buildSettings = {
				ALWAYS_SEARCH_USER_PATHS = NO;
				CLANG_ANALYZER_NONNULL = YES;
				CLANG_ANALYZER_NUMBER_OBJECT_CONVERSION = YES_AGGRESSIVE;
				CLANG_CXX_LANGUAGE_STANDARD = "gnu++17";
				CLANG_ENABLE_MODULES = YES;
				CLANG_ENABLE_OBJC_ARC = YES;
				CLANG_ENABLE_OBJC_WEAK = YES;
				CLANG_WARN_BLOCK_CAPTURE_AUTORELEASING = YES;
				CLANG_WARN_BOOL_CONVERSION = YES;
				CLANG_WARN_COMMA = YES;
				CLANG_WARN_CONSTANT_CONVERSION = YES;
				CLANG_WARN_DEPRECATED_OBJC_IMPLEMENTATIONS = YES;
				CLANG_WARN_DIRECT_OBJC_ISA_USAGE = YES_ERROR;
				CLANG_WARN_DOCUMENTATION_COMMENTS = YES;
				CLANG_WARN_EMPTY_BODY = YES;
				CLANG_WARN_ENUM_CONVERSION = YES;
				CLANG_WARN_INFINITE_RECURSION = YES;
				CLANG_WARN_INT_CONVERSION = YES;
				CLANG_WARN_NON_LITERAL_NULL_CONVERSION = YES;
				CLANG_WARN_OBJC_IMPLICIT_RETAIN_SELF = YES;
				CLANG_WARN_OBJC_LITERAL_CONVERSION = YES;
				CLANG_WARN_OBJC_ROOT_CLASS = YES_ERROR;
				CLANG_WARN_QUOTED_INCLUDE_IN_FRAMEWORK_HEADER = YES;
				CLANG_WARN_RANGE_LOOP_ANALYSIS = YES;
				CLANG_WARN_STRICT_PROTOTYPES = YES;
				CLANG_WARN_SUSPICIOUS_MOVE = YES;
				CLANG_WARN_UNGUARDED_AVAILABILITY = YES_AGGRESSIVE;
				CLANG_WARN_UNREACHABLE_CODE = YES;
				CLANG_WARN__DUPLICATE_METHOD_MATCH = YES;
				COPY_PHASE_STRIP = NO;
				DEBUG_INFORMATION_FORMAT = dwarf;
				ENABLE_STRICT_OBJC_MSGSEND = YES;
				ENABLE_TESTABILITY = YES;
				GCC_C_LANGUAGE_STANDARD = gnu11;
				GCC_DYNAMIC_NO_PIC = NO;
				GCC_NO_COMMON_BLOCKS = YES;
				GCC_OPTIMIZATION_LEVEL = 0;
				GCC_PREPROCESSOR_DEFINITIONS = (
					"DEBUG=1",
					"$(inherited)",
				);
				GCC_WARN_64_TO_32_BIT_CONVERSION = YES;
				GCC_WARN_ABOUT_RETURN_TYPE = YES_ERROR;
				GCC_WARN_UNDECLARED_SELECTOR = YES;
				GCC_WARN_UNINITIALIZED_AUTOS = YES_AGGRESSIVE;
				GCC_WARN_UNUSED_FUNCTION = YES;
				GCC_WARN_UNUSED_VARIABLE = YES;
				IPHONEOS_DEPLOYMENT_TARGET = 15.5;
				MTL_ENABLE_DEBUG_INFO = INCLUDE_SOURCE;
				MTL_FAST_MATH = YES;
				ONLY_ACTIVE_ARCH = YES;
				SDKROOT = iphoneos;
				SWIFT_ACTIVE_COMPILATION_CONDITIONS = DEBUG;
				SWIFT_OPTIMIZATION_LEVEL = "-Onone";
			};
			name = Debug;
		};
		CEF6821528CCBFDB00E0EC51 /* Release */ = {
			isa = XCBuildConfiguration;
			buildSettings = {
				ALWAYS_SEARCH_USER_PATHS = NO;
				CLANG_ANALYZER_NONNULL = YES;
				CLANG_ANALYZER_NUMBER_OBJECT_CONVERSION = YES_AGGRESSIVE;
				CLANG_CXX_LANGUAGE_STANDARD = "gnu++17";
				CLANG_ENABLE_MODULES = YES;
				CLANG_ENABLE_OBJC_ARC = YES;
				CLANG_ENABLE_OBJC_WEAK = YES;
				CLANG_WARN_BLOCK_CAPTURE_AUTORELEASING = YES;
				CLANG_WARN_BOOL_CONVERSION = YES;
				CLANG_WARN_COMMA = YES;
				CLANG_WARN_CONSTANT_CONVERSION = YES;
				CLANG_WARN_DEPRECATED_OBJC_IMPLEMENTATIONS = YES;
				CLANG_WARN_DIRECT_OBJC_ISA_USAGE = YES_ERROR;
				CLANG_WARN_DOCUMENTATION_COMMENTS = YES;
				CLANG_WARN_EMPTY_BODY = YES;
				CLANG_WARN_ENUM_CONVERSION = YES;
				CLANG_WARN_INFINITE_RECURSION = YES;
				CLANG_WARN_INT_CONVERSION = YES;
				CLANG_WARN_NON_LITERAL_NULL_CONVERSION = YES;
				CLANG_WARN_OBJC_IMPLICIT_RETAIN_SELF = YES;
				CLANG_WARN_OBJC_LITERAL_CONVERSION = YES;
				CLANG_WARN_OBJC_ROOT_CLASS = YES_ERROR;
				CLANG_WARN_QUOTED_INCLUDE_IN_FRAMEWORK_HEADER = YES;
				CLANG_WARN_RANGE_LOOP_ANALYSIS = YES;
				CLANG_WARN_STRICT_PROTOTYPES = YES;
				CLANG_WARN_SUSPICIOUS_MOVE = YES;
				CLANG_WARN_UNGUARDED_AVAILABILITY = YES_AGGRESSIVE;
				CLANG_WARN_UNREACHABLE_CODE = YES;
				CLANG_WARN__DUPLICATE_METHOD_MATCH = YES;
				COPY_PHASE_STRIP = NO;
				DEBUG_INFORMATION_FORMAT = "dwarf-with-dsym";
				ENABLE_NS_ASSERTIONS = NO;
				ENABLE_STRICT_OBJC_MSGSEND = YES;
				GCC_C_LANGUAGE_STANDARD = gnu11;
				GCC_NO_COMMON_BLOCKS = YES;
				GCC_WARN_64_TO_32_BIT_CONVERSION = YES;
				GCC_WARN_ABOUT_RETURN_TYPE = YES_ERROR;
				GCC_WARN_UNDECLARED_SELECTOR = YES;
				GCC_WARN_UNINITIALIZED_AUTOS = YES_AGGRESSIVE;
				GCC_WARN_UNUSED_FUNCTION = YES;
				GCC_WARN_UNUSED_VARIABLE = YES;
				IPHONEOS_DEPLOYMENT_TARGET = 15.5;
				MTL_ENABLE_DEBUG_INFO = NO;
				MTL_FAST_MATH = YES;
				SDKROOT = iphoneos;
				SWIFT_COMPILATION_MODE = wholemodule;
				SWIFT_OPTIMIZATION_LEVEL = "-O";
				VALIDATE_PRODUCT = YES;
			};
			name = Release;
		};
		CEF6821728CCBFDB00E0EC51 /* Debug */ = {
			isa = XCBuildConfiguration;
			buildSettings = {
				ASSETCATALOG_COMPILER_APPICON_NAME = AppIcon;
				ASSETCATALOG_COMPILER_GLOBAL_ACCENT_COLOR_NAME = AccentColor;
				CODE_SIGN_STYLE = Automatic;
				CURRENT_PROJECT_VERSION = 1;
				DEVELOPMENT_ASSET_PATHS = "\"[220910] swift_day_66/Preview Content\"";
				DEVELOPMENT_TEAM = CZH2CMCGCZ;
				ENABLE_PREVIEWS = YES;
				GENERATE_INFOPLIST_FILE = YES;
				INFOPLIST_KEY_NSPhotoLibraryAddUsageDescription = "Gimme that permission";
				INFOPLIST_KEY_UIApplicationSceneManifest_Generation = YES;
				INFOPLIST_KEY_UIApplicationSupportsIndirectInputEvents = YES;
				INFOPLIST_KEY_UILaunchScreen_Generation = YES;
				INFOPLIST_KEY_UISupportedInterfaceOrientations_iPad = "UIInterfaceOrientationPortrait UIInterfaceOrientationPortraitUpsideDown UIInterfaceOrientationLandscapeLeft UIInterfaceOrientationLandscapeRight";
				INFOPLIST_KEY_UISupportedInterfaceOrientations_iPhone = "UIInterfaceOrientationPortrait UIInterfaceOrientationLandscapeLeft UIInterfaceOrientationLandscapeRight";
				LD_RUNPATH_SEARCH_PATHS = (
					"$(inherited)",
					"@executable_path/Frameworks",
				);
				MARKETING_VERSION = 1.0;
				PRODUCT_BUNDLE_IDENTIFIER = "Meister.-220910--swift-day-66";
				PRODUCT_NAME = "$(TARGET_NAME)";
				SWIFT_EMIT_LOC_STRINGS = YES;
				SWIFT_VERSION = 5.0;
				TARGETED_DEVICE_FAMILY = "1,2";
			};
			name = Debug;
		};
		CEF6821828CCBFDB00E0EC51 /* Release */ = {
			isa = XCBuildConfiguration;
			buildSettings = {
				ASSETCATALOG_COMPILER_APPICON_NAME = AppIcon;
				ASSETCATALOG_COMPILER_GLOBAL_ACCENT_COLOR_NAME = AccentColor;
				CODE_SIGN_STYLE = Automatic;
				CURRENT_PROJECT_VERSION = 1;
				DEVELOPMENT_ASSET_PATHS = "\"[220910] swift_day_66/Preview Content\"";
				DEVELOPMENT_TEAM = CZH2CMCGCZ;
				ENABLE_PREVIEWS = YES;
				GENERATE_INFOPLIST_FILE = YES;
				INFOPLIST_KEY_NSPhotoLibraryAddUsageDescription = "Gimme that permission";
				INFOPLIST_KEY_UIApplicationSceneManifest_Generation = YES;
				INFOPLIST_KEY_UIApplicationSupportsIndirectInputEvents = YES;
				INFOPLIST_KEY_UILaunchScreen_Generation = YES;
				INFOPLIST_KEY_UISupportedInterfaceOrientations_iPad = "UIInterfaceOrientationPortrait UIInterfaceOrientationPortraitUpsideDown UIInterfaceOrientationLandscapeLeft UIInterfaceOrientationLandscapeRight";
				INFOPLIST_KEY_UISupportedInterfaceOrientations_iPhone = "UIInterfaceOrientationPortrait UIInterfaceOrientationLandscapeLeft UIInterfaceOrientationLandscapeRight";
				LD_RUNPATH_SEARCH_PATHS = (
					"$(inherited)",
					"@executable_path/Frameworks",
				);
				MARKETING_VERSION = 1.0;
				PRODUCT_BUNDLE_IDENTIFIER = "Meister.-220910--swift-day-66";
				PRODUCT_NAME = "$(TARGET_NAME)";
				SWIFT_EMIT_LOC_STRINGS = YES;
				SWIFT_VERSION = 5.0;
				TARGETED_DEVICE_FAMILY = "1,2";
			};
			name = Release;
		};
/* End XCBuildConfiguration section */

/* Begin XCConfigurationList section */
		CEF6820328CCBFDA00E0EC51 /* Build configuration list for PBXProject "[220910] swift_day_66" */ = {
			isa = XCConfigurationList;
			buildConfigurations = (
				CEF6821428CCBFDB00E0EC51 /* Debug */,
				CEF6821528CCBFDB00E0EC51 /* Release */,
			);
			defaultConfigurationIsVisible = 0;
			defaultConfigurationName = Release;
		};
		CEF6821628CCBFDB00E0EC51 /* Build configuration list for PBXNativeTarget "[220910] swift_day_66" */ = {
			isa = XCConfigurationList;
			buildConfigurations = (
				CEF6821728CCBFDB00E0EC51 /* Debug */,
				CEF6821828CCBFDB00E0EC51 /* Release */,
			);
			defaultConfigurationIsVisible = 0;
			defaultConfigurationName = Release;
		};
/* End XCConfigurationList section */
	};
	rootObject = CEF6820028CCBFDA00E0EC51 /* Project object */;
}
